
Microsoft Visual Studio Solution File, Format Version 12.00
Project("{FAE04EC0-301F-11D3-BF4B-00C04F79EFBC}") = "CityApi", "CityApi\CityApi.csproj", "{B530428D-A36A-4186-9A6F-36748C96DA21}"
EndProject
Global
	GlobalSection(SolutionConfigurationPlatforms) = preSolution
		Debug|Any CPU = Debug|Any CPU
		Release|Any CPU = Release|Any CPU
	EndGlobalSection
	GlobalSection(ProjectConfigurationPlatforms) = postSolution
		{B530428D-A36A-4186-9A6F-36748C96DA21}.Debug|Any CPU.ActiveCfg = Debug|Any CPU
		{B530428D-A36A-4186-9A6F-36748C96DA21}.Debug|Any CPU.Build.0 = Debug|Any CPU
		{B530428D-A36A-4186-9A6F-36748C96DA21}.Release|Any CPU.ActiveCfg = Release|Any CPU
		{B530428D-A36A-4186-9A6F-36748C96DA21}.Release|Any CPU.Build.0 = Release|Any CPU
	EndGlobalSection
EndGlobal
